hash: 6de03dc338344836ea7a69627a001bd392c687d85e0c5f13dd8f20d23d2ac488
updated: 2018-01-13T15:00:41.7973829-08:00
imports:
- name: github.com/orcaman/concurrent-map
  version: d4c23bd0e01134806215ffe65ba3fd22ec6721f7
- name: github.com/rs/zerolog
  version: b53826c57a6a1d8833443ebeacf1cfb62b229c64
  subpackages:
  - internal/json
  - log
- name: github.com/satori/go.uuid
  version: f58768cc1a7a7e77a3bd49e98cdd21419399b6a3
testImports: []
